github.com/gethinode/hinode/v2 v2.7.1 h1:E6nZu/u/i3nycFVJ7klev70Kvb7tdyQ6EIied+zg3Po=
github.com/gethinode/hinode/v2 v2.7.1/go.mod h1:7CkridyG6E0Zwc3hy6iYvPXdwkopDKaFUt7TWE0iMYM=
github.com/gethinode/mod-blocks v1.22.0 h1:/1Hpr4Ogeq9tesNKzeCPatol6bKZt/X5ULKDgBTk100=
github.com/gethinode/mod-blocks v1.22.0/go.mod h1:7a0rJUYtWi9HJZ6sf/7aiuZiVnMxh/r8ZuArv0ELlbM=
