github.com/gethinode/hinode/v3 v3.2.4 h1:sGdCf/cZR8q4h4bwruTC7+9QriAt4u5kTAugHXEYe1k=
github.com/gethinode/hinode/v3 v3.2.4/go.mod h1:KAn8U68evVRYcRV7hxzIgLAC6i4zoO3qm53LB4j4FuY=
github.com/gethinode/mod-blocks/v2 v2.1.4 h1:HV6S8xDQRZ3RaRdpXOPzyULIp53XQZJHWURLGTMBy1Y=
github.com/gethinode/mod-blocks/v2 v2.1.4/go.mod h1:z+0Rg+I0naJf7VOy9dDuo8FX1dB5bPuMmbWT1QmBFhg=
github.com/gethinode/mod-flexsearch/v5 v5.0.2 h1:VAHzYLJECrVBvzn5xvM+FoHSP2VwDDPlUrfJDL8G/gg=
github.com/gethinode/mod-flexsearch/v5 v5.0.2/go.mod h1:0kRR1xaAhSYVyVICV5+x5bF8OSpfre1DwLdrK3a5uAA=
github.com/gethinode/mod-fontawesome/v6 v6.0.1 h1:Wq51kwbtlZYjLQdSbLjn1Qjf4ZkmGIbYrwxlO2vt9Q8=
github.com/gethinode/mod-fontawesome/v6 v6.0.1/go.mod h1:Pz24mpGcg4FvGHhwPiuEZzOzISeOcoaQROhI6xLW2bU=
github.com/gethinode/mod-leaflet/v3 v3.1.1 h1:Iz8Q+e8s1caHvAb4KN7EnN4ZBnxyCQeUJB62uDmGRVc=
github.com/gethinode/mod-leaflet/v3 v3.1.1/go.mod h1:eiNhr24pY4+MrMCuJF2MAa+c5mPrD90UM4GZxJproic=
github.com/gethinode/mod-lottie/v3 v3.0.2 h1:PJ9BB5s+oli2D5i9apcWu8AowtfyNVb7VAcZfptobT8=
github.com/gethinode/mod-lottie/v3 v3.0.2/go.mod h1:QnNRtZPSwl6x7acJbR4jHNhNNRxbwVv0XsnD1hFcsro=
github.com/gethinode/mod-mermaid/v5 v5.0.1 h1:heGJ9i3rDXAh+qU8N0jSEPhVGOsQwxLpNmB+h1FhTg8=
github.com/gethinode/mod-mermaid/v5 v5.0.1/go.mod h1:3M0XrI6Ginj5EIbXy1xOymv3KsfPuBhD07FEPz1SikI=
github.com/gethinode/mod-simple-datatables/v4 v4.1.0 h1:AtEtLH9RoAEIpElg0k6UkVlHmiBc4Df3NCCUfBtmktU=
github.com/gethinode/mod-simple-datatables/v4 v4.1.0/go.mod h1:jRHoX20bUiaVg7UtKzMjfHQjd5M6WZ8hAeVqA3TKwTA=
github.com/gethinode/mod-utils/v6 v6.5.0 h1:NdeITAfjt2ah9OHt0Nuu6F+STlC0bO9oHaFl8Agi2rk=
github.com/gethinode/mod-utils/v6 v6.5.0/go.mod h1:E5tO9w3VKaidJpu1nI8zAKmh0bddFHOIIQnudAaXQTs=
